
Microsoft Visual Studio Solution File, Format Version 12.00
# Visual Studio Version 17
VisualStudioVersion = 17.13.35913.81 d17.13
MinimumVisualStudioVersion = 10.0.40219.1
Project("{54A90642-561A-4BB1-A94E-469ADEE60C69}") = "tradinggame.client", "tradinggame.client\tradinggame.client.esproj", "{58D98224-8E4C-4486-A47D-83A683C79E14}"
EndProject
Project("{FAE04EC0-301F-11D3-BF4B-00C04F79EFBC}") = "TradingGame.Server", "TradingGame.Server\TradingGame.Server.csproj", "{CF5F872E-D8DC-43D1-8A46-D9AA606A166E}"
EndProject
Global
	GlobalSection(SolutionConfigurationPlatforms) = preSolution
		Debug|Any CPU = Debug|Any CPU
		Release|Any CPU = Release|Any CPU
	EndGlobalSection
	GlobalSection(ProjectConfigurationPlatforms) = postSolution
		{58D98224-8E4C-4486-A47D-83A683C79E14}.Debug|Any CPU.ActiveCfg = Debug|Any CPU
		{58D98224-8E4C-4486-A47D-83A683C79E14}.Debug|Any CPU.Build.0 = Debug|Any CPU
		{58D98224-8E4C-4486-A47D-83A683C79E14}.Debug|Any CPU.Deploy.0 = Debug|Any CPU
		{58D98224-8E4C-4486-A47D-83A683C79E14}.Release|Any CPU.ActiveCfg = Release|Any CPU
		{58D98224-8E4C-4486-A47D-83A683C79E14}.Release|Any CPU.Build.0 = Release|Any CPU
		{58D98224-8E4C-4486-A47D-83A683C79E14}.Release|Any CPU.Deploy.0 = Release|Any CPU
		{CF5F872E-D8DC-43D1-8A46-D9AA606A166E}.Debug|Any CPU.ActiveCfg = Debug|Any CPU
		{CF5F872E-D8DC-43D1-8A46-D9AA606A166E}.Debug|Any CPU.Build.0 = Debug|Any CPU
		{CF5F872E-D8DC-43D1-8A46-D9AA606A166E}.Release|Any CPU.ActiveCfg = Release|Any CPU
		{CF5F872E-D8DC-43D1-8A46-D9AA606A166E}.Release|Any CPU.Build.0 = Release|Any CPU
	EndGlobalSection
	GlobalSection(SolutionProperties) = preSolution
		HideSolutionNode = FALSE
	EndGlobalSection
	GlobalSection(ExtensibilityGlobals) = postSolution
		SolutionGuid = {4A5688FB-9BDF-47F2-A49A-74234484B1F2}
	EndGlobalSection
EndGlobal
